
Microsoft Visual Studio Solution File, Format Version 12.00
# Visual Studio 15
Project("{FAE04EC0-301F-11D3-BF4B-00C04F79EFBC}") = "VuforiaScripts", "VuforiaScripts.csproj", "{373CF0A8-0271-4FB3-C17B-25EBAE0476DA}"
EndProject
Project("{FAE04EC0-301F-11D3-BF4B-00C04F79EFBC}") = "Assembly-CSharp", "Assembly-CSharp.csproj", "{92E450CF-F1E8-8D67-D6D8-B7ECAA5863CF}"
EndProject
Project("{FAE04EC0-301F-11D3-BF4B-00C04F79EFBC}") = "VuforiaEditorScripts", "VuforiaEditorScripts.csproj", "{DFD515E3-6BDA-6CFC-AA15-DADBF12339BD}"
EndProject
Global
	GlobalSection(SolutionConfigurationPlatforms) = preSolution
		Debug|Any CPU = Debug|Any CPU
		Release|Any CPU = Release|Any CPU
	EndGlobalSection
	GlobalSection(ProjectConfigurationPlatforms) = postSolution
		{373CF0A8-0271-4FB3-C17B-25EBAE0476DA}.Debug|Any CPU.ActiveCfg = Debug|Any CPU
		{373CF0A8-0271-4FB3-C17B-25EBAE0476DA}.Debug|Any CPU.Build.0 = Debug|Any CPU
		{373CF0A8-0271-4FB3-C17B-25EBAE0476DA}.Release|Any CPU.ActiveCfg = Release|Any CPU
		{373CF0A8-0271-4FB3-C17B-25EBAE0476DA}.Release|Any CPU.Build.0 = Release|Any CPU
		{92E450CF-F1E8-8D67-D6D8-B7ECAA5863CF}.Debug|Any CPU.ActiveCfg = Debug|Any CPU
		{92E450CF-F1E8-8D67-D6D8-B7ECAA5863CF}.Debug|Any CPU.Build.0 = Debug|Any CPU
		{92E450CF-F1E8-8D67-D6D8-B7ECAA5863CF}.Release|Any CPU.ActiveCfg = Release|Any CPU
		{92E450CF-F1E8-8D67-D6D8-B7ECAA5863CF}.Release|Any CPU.Build.0 = Release|Any CPU
		{DFD515E3-6BDA-6CFC-AA15-DADBF12339BD}.Debug|Any CPU.ActiveCfg = Debug|Any CPU
		{DFD515E3-6BDA-6CFC-AA15-DADBF12339BD}.Debug|Any CPU.Build.0 = Debug|Any CPU
		{DFD515E3-6BDA-6CFC-AA15-DADBF12339BD}.Release|Any CPU.ActiveCfg = Release|Any CPU
		{DFD515E3-6BDA-6CFC-AA15-DADBF12339BD}.Release|Any CPU.Build.0 = Release|Any CPU
	EndGlobalSection
	GlobalSection(SolutionProperties) = preSolution
		HideSolutionNode = FALSE
	EndGlobalSection
EndGlobal
